Microsoft Visual Studio Solution File, Format Version 11.00
# Visual Studio 2010
Project("{FAE04EC0-301F-11D3-BF4B-00C04F79EFBC}") = "Assembly-CSharp", "Assembly-CSharp.csproj", "{FD4CC3A6-71B0-6040-D0E7-E6A4A0878F09}"
EndProject
Global
	GlobalSection(SolutionConfigurationPlatforms) = preSolution
		Debug|Any CPU = Debug|Any CPU
		Release|Any CPU = Release|Any CPU
	EndGlobalSection
	GlobalSection(ProjectConfigurationPlatforms) = postSolution
		{FD4CC3A6-71B0-6040-D0E7-E6A4A0878F09}.Debug|Any CPU.ActiveCfg = Debug|Any CPU
		{FD4CC3A6-71B0-6040-D0E7-E6A4A0878F09}.Debug|Any CPU.Build.0 = Debug|Any CPU
		{FD4CC3A6-71B0-6040-D0E7-E6A4A0878F09}.Release|Any CPU.ActiveCfg = Release|Any CPU
		{FD4CC3A6-71B0-6040-D0E7-E6A4A0878F09}.Release|Any CPU.Build.0 = Release|Any CPU
	EndGlobalSection
	GlobalSection(SolutionProperties) = preSolution
		HideSolutionNode = FALSE
	EndGlobalSection
	GlobalSection(MonoDevelopProperties) = preSolution
		StartupItem = Assembly-CSharp.csproj
	EndGlobalSection
EndGlobal
